{
  "name": "rapp-chatgpt",
  "lockfileVersion": 3,
  "requires": true,
  "packages": {
    "": {
      "name": "rapp-chatgpt",
      "dependencies": {
        "@x402/core": "^2.27.0",
        "@x402/evm": "^2.27.0"
      },
      "devDependencies": {
        "@x402/fetch": "^2.27.0",
        "viem": "^2.0.0"
      }
    },
    "node_modules/@adraffy/ens-normalize": {
      "version": "1.11.1",
      "resolved": "https://ms-feed-25.pkgs.visualstudio.com/1es-public/_packaging/npm-public/npm/registry/@adraffy/ens-normalize/-/ens-normalize-1.11.1.tgz",
      "integrity": "sha1-bC1lfUst+zf46oEdyz5ghD1Kwko=",
      "license": "MIT"
    },
    "node_modules/@noble/ciphers": {
      "version": "1.3.0",
      "resolved": "https://ms-feed-25.pkgs.visualstudio.com/1es-public/_packaging/npm-public/npm/registry/@noble/ciphers/-/ciphers-1.3.0.tgz",
      "integrity": "sha1-9kuP+IbCQOZE5Vc8CX+G5bQ2dtw=",
      "license": "MIT",
      "engines": {
        "node": "^14.21.3 || >=16"
      },
      "funding": {
        "url": "https://paulmillr.com/funding/"
      }
    },
    "node_modules/@noble/curves": {
      "version": "1.9.1",
      "resolved": "https://ms-feed-25.pkgs.visualstudio.com/1es-public/_packaging/npm-public/npm/registry/@noble/curves/-/curves-1.9.1.tgz",
      "integrity": "sha1-llSgvGwTQgriUt3Pl16vD1jwo1w=",
      "license": "MIT",
      "dependencies": {
        "@noble/hashes": "1.8.0"
      },
      "engines": {
        "node": "^14.21.3 || >=16"
      },
      "funding": {
        "url": "https://paulmillr.com/funding/"
      }
    },
    "node_modules/@noble/hashes": {
      "version": "1.8.0",
      "resolved": "https://ms-feed-25.pkgs.visualstudio.com/1es-public/_packaging/npm-public/npm/registry/@noble/hashes/-/hashes-1.8.0.tgz",
      "integrity": "sha1-zuQ9gB/O+WRLEbgZSFdpWs1fgVo=",
      "license": "MIT",
      "engines": {
        "node": "^14.21.3 || >=16"
      },
      "funding": {
        "url": "https://paulmillr.com/funding/"
      }
    },
    "node_modules/@scure/base": {
      "version": "1.2.6",
      "resolved": "https://ms-feed-25.pkgs.visualstudio.com/1es-public/_packaging/npm-public/npm/registry/@scure/base/-/base-1.2.6.tgz",
      "integrity": "sha1-ypFxhLgjE5TdiEdQnGegvlIuWfY=",
      "license": "MIT",
      "funding": {
        "url": "https://paulmillr.com/funding/"
      }
    },
    "node_modules/@scure/bip32": {
      "version": "1.7.0",
      "resolved": "https://ms-feed-25.pkgs.visualstudio.com/1es-public/_packaging/npm-public/npm/registry/@scure/bip32/-/bip32-1.7.0.tgz",
      "integrity": "sha1-uGg7qxcjafmI8ViWQOU8RgaYQhk=",
      "license": "MIT",
      "dependencies": {
        "@noble/curves": "~1.9.0",
        "@noble/hashes": "~1.8.0",
        "@scure/base": "~1.2.5"
      },
      "funding": {
        "url": "https://paulmillr.com/funding/"
      }
    },
    "node_modules/@scure/bip39": {
      "version": "1.6.0",
      "resolved": "https://ms-feed-25.pkgs.visualstudio.com/1es-public/_packaging/npm-public/npm/registry/@scure/bip39/-/bip39-1.6.0.tgz",
      "integrity": "sha1-R1lwrORA176Hpghsvud8uPGmhPk=",
      "license": "MIT",
      "dependencies": {
        "@noble/hashes": "~1.8.0",
        "@scure/base": "~1.2.5"
      },
      "funding": {
        "url": "https://paulmillr.com/funding/"
      }
    },
    "node_modules/@x402/core": {
      "version": "2.27.0",
      "resolved": "https://ms-feed-25.pkgs.visualstudio.com/1es-public/_packaging/npm-public/npm/registry/@x402/core/-/core-2.27.0.tgz",
      "integrity": "sha512-UbxCKnoTsg5nQX9fYER3g9tt5l80jHm1IZOmDczQRqE0cwskls5r+VAAj0iUQfHVshnpv0qo/rLFI7UntqL96g==",
      "license": "Apache-2.0",
      "dependencies": {
        "zod": "^3.24.2"
      }
    },
    "node_modules/@x402/evm": {
      "version": "2.27.0",
      "resolved": "https://ms-feed-25.pkgs.visualstudio.com/1es-public/_packaging/npm-public/npm/registry/@x402/evm/-/evm-2.27.0.tgz",
      "integrity": "sha512-WKVFq5VaSrDJfo6lHNG7/4hT0iZdpsmd53W/a+gZqmE1CiVT8wyRpwIPue4f/YKqNfgHHhZ00AcfPho0xLr2eQ==",
      "license": "Apache-2.0",
      "dependencies": {
        "@x402/core": "~2.27.0",
        "viem": "^2.48.11",
        "zod": "^3.24.2"
      }
    },
    "node_modules/@x402/fetch": {
      "version": "2.27.0",
      "resolved": "https://ms-feed-25.pkgs.visualstudio.com/1es-public/_packaging/npm-public/npm/registry/@x402/fetch/-/fetch-2.27.0.tgz",
      "integrity": "sha512-lHJsvBLGRTVw2tVBKyiNfnjrTqqXbks6QKAuFMUGlyBgm6ErcZKaW804jqXUpGOSt+UPHscbbkLclEWHrk5gcQ==",
      "dev": true,
      "license": "Apache-2.0",
      "dependencies": {
        "@x402/core": "~2.27.0"
      }
    },
    "node_modules/abitype": {
      "version": "1.2.3",
      "resolved": "https://ms-feed-25.pkgs.visualstudio.com/1es-public/_packaging/npm-public/npm/registry/abitype/-/abitype-1.2.3.tgz",
      "integrity": "sha1-vsPgneqX2Z72xxkUC+5mOjKa0fQ=",
      "license": "MIT",
      "funding": {
        "url": "https://github.com/sponsors/wevm"
      },
      "peerDependencies": {
        "typescript": ">=5.0.4",
        "zod": "^3.22.0 || ^4.0.0"
      },
      "peerDependenciesMeta": {
        "typescript": {
          "optional": true
        },
        "zod": {
          "optional": true
        }
      }
    },
    "node_modules/eventemitter3": {
      "version": "5.0.1",
      "resolved": "https://ms-feed-25.pkgs.visualstudio.com/1es-public/_packaging/npm-public/npm/registry/eventemitter3/-/eventemitter3-5.0.1.tgz",
      "integrity": "sha1-U/X/0KSSrIAHIbtCxmuEHelkI8Q=",
      "license": "MIT"
    },
    "node_modules/isows": {
      "version": "1.0.7",
      "resolved": "https://ms-feed-25.pkgs.visualstudio.com/1es-public/_packaging/npm-public/npm/registry/isows/-/isows-1.0.7.tgz",
      "integrity": "sha1-HAZAC37tIW+7o7y9aPEkkPw0KRU=",
      "funding": [
        {
          "type": "github",
          "url": "https://github.com/sponsors/wevm"
        }
      ],
      "license": "MIT",
      "peerDependencies": {
        "ws": "*"
      }
    },
    "node_modules/ox": {
      "version": "0.14.45",
      "resolved": "https://ms-feed-25.pkgs.visualstudio.com/1es-public/_packaging/npm-public/npm/registry/ox/-/ox-0.14.45.tgz",
      "integrity": "sha512-jpsQ+p0JZh9mKCxxzxz0d5qFHZZg2/O9xW18IpEC/dNXXPVqmDJ0c//9RMz0CILkbSGPA42+cbU0fC/ghwJ03w==",
      "funding": [
        {
          "type": "github",
          "url": "https://github.com/sponsors/wevm"
        }
      ],
      "license": "MIT",
      "dependencies": {
        "@adraffy/ens-normalize": "^1.11.0",
        "@noble/ciphers": "^1.3.0",
        "@noble/curves": "1.9.1",
        "@noble/hashes": "^1.8.0",
        "@scure/bip32": "^1.7.0",
        "@scure/bip39": "^1.6.0",
        "abitype": "^1.2.3",
        "eventemitter3": "5.0.1"
      },
      "peerDependencies": {
        "typescript": ">=5.4.0"
      },
      "peerDependenciesMeta": {
        "typescript": {
          "optional": true
        }
      }
    },
    "node_modules/viem": {
      "version": "2.56.9",
      "resolved": "https://ms-feed-25.pkgs.visualstudio.com/1es-public/_packaging/npm-public/npm/registry/viem/-/viem-2.56.9.tgz",
      "integrity": "sha512-UC1G0Qz+RbPKqwl6yRrp3dH6ltrOmUcFJMTcOyE1Mg0nO5lxrEBTONh/8OFWPnALGuN/O7LkNcz/IsSj83Svqw==",
      "funding": [
        {
          "type": "github",
          "url": "https://github.com/sponsors/wevm"
        }
      ],
      "license": "MIT",
      "dependencies": {
        "@noble/curves": "1.9.1",
        "@noble/hashes": "1.8.0",
        "@scure/bip32": "1.7.0",
        "@scure/bip39": "1.6.0",
        "abitype": "1.2.3",
        "isows": "1.0.7",
        "ox": "0.14.45",
        "ws": "8.21.0"
      },
      "peerDependencies": {
        "typescript": ">=5.0.4"
      },
      "peerDependenciesMeta": {
        "typescript": {
          "optional": true
        }
      }
    },
    "node_modules/ws": {
      "version": "8.21.0",
      "resolved": "https://ms-feed-25.pkgs.visualstudio.com/1es-public/_packaging/npm-public/npm/registry/ws/-/ws-8.21.0.tgz",
      "integrity": "sha1-AS5BP8B0KZRRIbDBUxWMQ0MIaVE=",
      "license": "MIT",
      "engines": {
        "node": ">=10.0.0"
      },
      "peerDependencies": {
        "bufferutil": "^4.0.1",
        "utf-8-validate": ">=5.0.2"
      },
      "peerDependenciesMeta": {
        "bufferutil": {
          "optional": true
        },
        "utf-8-validate": {
          "optional": true
        }
      }
    },
    "node_modules/zod": {
      "version": "3.25.76",
      "resolved": "https://ms-feed-25.pkgs.visualstudio.com/1es-public/_packaging/npm-public/npm/registry/zod/-/zod-3.25.76.tgz",
      "integrity": "sha1-JoQcP2/SKmonYOfMtxkXl2hHHjQ=",
      "license": "MIT",
      "funding": {
        "url": "https://github.com/sponsors/colinhacks"
      }
    }
  }
}
